
Microsoft Visual Studio Solution File, Format Version 12.00
# Visual Studio Version 16
VisualStudioVersion = 16.0.32126.315
MinimumVisualStudioVersion = 10.0.40219.1
Project("{FAE04EC0-301F-11D3-BF4B-00C04F79EFBC}") = "MyBiz", "MyBiz\MyBiz.csproj", "{0B4481C9-1593-4617-8773-28B5F03AF261}"
EndProject
Global
	GlobalSection(SolutionConfigurationPlatforms) = preSolution
		Debug|Any CPU = Debug|Any CPU
		Release|Any CPU = Release|Any CPU
	EndGlobalSection
	GlobalSection(ProjectConfigurationPlatforms) = postSolution
		{0B4481C9-1593-4617-8773-28B5F03AF261}.Debug|Any CPU.ActiveCfg = Debug|Any CPU
		{0B4481C9-1593-4617-8773-28B5F03AF261}.Debug|Any CPU.Build.0 = Debug|Any CPU
		{0B4481C9-1593-4617-8773-28B5F03AF261}.Release|Any CPU.ActiveCfg = Release|Any CPU
		{0B4481C9-1593-4617-8773-28B5F03AF261}.Release|Any CPU.Build.0 = Release|Any CPU
	EndGlobalSection
	GlobalSection(SolutionProperties) = preSolution
		HideSolutionNode = FALSE
	EndGlobalSection
	GlobalSection(ExtensibilityGlobals) = postSolution
		SolutionGuid = {44EAA6F6-96A3-4FEB-828B-FA6D43BABEC6}
	EndGlobalSection
EndGlobal
